
Microsoft Visual Studio Solution File, Format Version 12.00
# Visual Studio Version 17
VisualStudioVersion = 17.4.33403.182
MinimumVisualStudioVersion = 10.0.40219.1
Project("{9A19103F-16F7-4668-BE54-9A1E7A4F7556}") = "DxBlazorApplication7", "DxBlazorApplication7\DxBlazorApplication7.csproj", "{82A60FBF-3102-466F-9F24-39AFA1EA24CB}"
EndProject
Project("{9A19103F-16F7-4668-BE54-9A1E7A4F7556}") = "CommonLibrary", "..\CommonLibrary\CommonLibrary\CommonLibrary.csproj", "{CC7D64F2-6471-4B56-9362-45F7C3295968}"
EndProject
Project("{9A19103F-16F7-4668-BE54-9A1E7A4F7556}") = "RazorCommonLibrary", "..\CommonLibrary\RazorCommonLibrary\RazorCommonLibrary.csproj", "{FA96B845-1EB8-411D-A4CD-DEE457E8EA3C}"
EndProject
Global
	GlobalSection(SolutionConfigurationPlatforms) = preSolution
		Debug|Any CPU = Debug|Any CPU
		Release|Any CPU = Release|Any CPU
	EndGlobalSection
	GlobalSection(ProjectConfigurationPlatforms) = postSolution
		{82A60FBF-3102-466F-9F24-39AFA1EA24CB}.Debug|Any CPU.ActiveCfg = Debug|Any CPU
		{82A60FBF-3102-466F-9F24-39AFA1EA24CB}.Debug|Any CPU.Build.0 = Debug|Any CPU
		{82A60FBF-3102-466F-9F24-39AFA1EA24CB}.Release|Any CPU.ActiveCfg = Release|Any CPU
		{82A60FBF-3102-466F-9F24-39AFA1EA24CB}.Release|Any CPU.Build.0 = Release|Any CPU
		{CC7D64F2-6471-4B56-9362-45F7C3295968}.Debug|Any CPU.ActiveCfg = Debug|Any CPU
		{CC7D64F2-6471-4B56-9362-45F7C3295968}.Debug|Any CPU.Build.0 = Debug|Any CPU
		{CC7D64F2-6471-4B56-9362-45F7C3295968}.Release|Any CPU.ActiveCfg = Release|Any CPU
		{CC7D64F2-6471-4B56-9362-45F7C3295968}.Release|Any CPU.Build.0 = Release|Any CPU
		{FA96B845-1EB8-411D-A4CD-DEE457E8EA3C}.Debug|Any CPU.ActiveCfg = Debug|Any CPU
		{FA96B845-1EB8-411D-A4CD-DEE457E8EA3C}.Debug|Any CPU.Build.0 = Debug|Any CPU
		{FA96B845-1EB8-411D-A4CD-DEE457E8EA3C}.Release|Any CPU.ActiveCfg = Release|Any CPU
		{FA96B845-1EB8-411D-A4CD-DEE457E8EA3C}.Release|Any CPU.Build.0 = Release|Any CPU
	EndGlobalSection
	GlobalSection(SolutionProperties) = preSolution
		HideSolutionNode = FALSE
	EndGlobalSection
	GlobalSection(ExtensibilityGlobals) = postSolution
		SolutionGuid = {88FEF33F-4127-423A-8F68-B86B490DAC93}
	EndGlobalSection
EndGlobal
